
Microsoft Visual Studio Solution File, Format Version 12.00
# Visual Studio 14
VisualStudioVersion = 14.0.23107.0
MinimumVisualStudioVersion = 10.0.40219.1
Project("{FAE04EC0-301F-11D3-BF4B-00C04F79EFBC}") = "Particle", "Particle\Particle.csproj", "{987B4815-EED0-4C8C-870F-15D635CE7D6C}"
EndProject
Project("{FAE04EC0-301F-11D3-BF4B-00C04F79EFBC}") = "ParticleSDKTests", "ParticleSDKTests\ParticleSDKTests.csproj", "{BBF6B1B9-CB02-40B2-91AA-AD6C08333DDB}"
EndProject
Project("{2150E333-8FDC-42A3-9474-1A3956D46DE8}") = "Solution Items", "Solution Items", "{24FC2040-8351-48FD-8A30-B4C4BB9098CF}"
	ProjectSection(SolutionItems) = preProject
		.gitignore = .gitignore
	EndProjectSection
EndProject
Project("{2150E333-8FDC-42A3-9474-1A3956D46DE8}") = ".nuget", ".nuget", "{C63C13E1-BC55-4945-B5A2-BD9632D5995D}"
	ProjectSection(SolutionItems) = preProject
		.nuget\NuGet.Config = .nuget\NuGet.Config
		.nuget\NuGet.exe = .nuget\NuGet.exe
		.nuget\NuGet.targets = .nuget\NuGet.targets
	EndProjectSection
EndProject
Project("{2150E333-8FDC-42A3-9474-1A3956D46DE8}") = "Test Applications", "Test Applications", "{DA30A96B-276B-43AA-9EC3-DCBCF014CCE6}"
EndProject
Project("{FAE04EC0-301F-11D3-BF4B-00C04F79EFBC}") = "WinClassic", "TestApps\WinClassic\WinClassic.csproj", "{69249831-F1A6-4DC7-8F81-1169F9825953}"
EndProject
Project("{2150E333-8FDC-42A3-9474-1A3956D46DE8}") = "Win8", "Win8", "{28F7639D-9BBF-419D-B79C-C5D8FD4C70F2}"
EndProject
Project("{D954291E-2A0B-460D-934E-DC6B0785DB48}") = "Win8.Shared", "TestApps\Win8\Win8.Shared\Win8.Shared.shproj", "{3600DFEB-F018-4BFC-A080-DD9C2FA1416B}"
EndProject
Project("{FAE04EC0-301F-11D3-BF4B-00C04F79EFBC}") = "Win8.Windows", "TestApps\Win8\Win8.Windows\Win8.Windows.csproj", "{45BCDF5C-5837-493F-B539-1FF0E1768534}"
EndProject
Project("{FAE04EC0-301F-11D3-BF4B-00C04F79EFBC}") = "Win8.WindowsPhone", "TestApps\Win8\Win8.WindowsPhone\Win8.WindowsPhone.csproj", "{31853F1C-14E2-4C35-9571-D9E2E741181C}"
EndProject
Global
	GlobalSection(SharedMSBuildProjectFiles) = preSolution
		TestApps\Win8\Win8.Shared\Win8.Shared.projitems*{31853f1c-14e2-4c35-9571-d9e2e741181c}*SharedItemsImports = 4
		TestApps\Win8\Win8.Shared\Win8.Shared.projitems*{45bcdf5c-5837-493f-b539-1ff0e1768534}*SharedItemsImports = 4
		TestApps\Win8\Win8.Shared\Win8.Shared.projitems*{3600dfeb-f018-4bfc-a080-dd9c2fa1416b}*SharedItemsImports = 13
	EndGlobalSection
	GlobalSection(SolutionConfigurationPlatforms) = preSolution
		Debug|Any CPU = Debug|Any CPU
		Debug|ARM = Debug|ARM
		Debug|x64 = Debug|x64
		Debug|x86 = Debug|x86
		Release|Any CPU = Release|Any CPU
		Release|ARM = Release|ARM
		Release|x64 = Release|x64
		Release|x86 = Release|x86
	EndGlobalSection
	GlobalSection(ProjectConfigurationPlatforms) = postSolution
		{987B4815-EED0-4C8C-870F-15D635CE7D6C}.Debug|Any CPU.ActiveCfg = Debug|Any CPU
		{987B4815-EED0-4C8C-870F-15D635CE7D6C}.Debug|Any CPU.Build.0 = Debug|Any CPU
		{987B4815-EED0-4C8C-870F-15D635CE7D6C}.Debug|ARM.ActiveCfg = Debug|Any CPU
		{987B4815-EED0-4C8C-870F-15D635CE7D6C}.Debug|ARM.Build.0 = Debug|Any CPU
		{987B4815-EED0-4C8C-870F-15D635CE7D6C}.Debug|x64.ActiveCfg = Debug|Any CPU
		{987B4815-EED0-4C8C-870F-15D635CE7D6C}.Debug|x64.Build.0 = Debug|Any CPU
		{987B4815-EED0-4C8C-870F-15D635CE7D6C}.Debug|x86.ActiveCfg = Debug|Any CPU
		{987B4815-EED0-4C8C-870F-15D635CE7D6C}.Debug|x86.Build.0 = Debug|Any CPU
		{987B4815-EED0-4C8C-870F-15D635CE7D6C}.Release|Any CPU.ActiveCfg = Release|Any CPU
		{987B4815-EED0-4C8C-870F-15D635CE7D6C}.Release|Any CPU.Build.0 = Release|Any CPU
		{987B4815-EED0-4C8C-870F-15D635CE7D6C}.Release|ARM.ActiveCfg = Release|Any CPU
		{987B4815-EED0-4C8C-870F-15D635CE7D6C}.Release|ARM.Build.0 = Release|Any CPU
		{987B4815-EED0-4C8C-870F-15D635CE7D6C}.Release|x64.ActiveCfg = Release|Any CPU
		{987B4815-EED0-4C8C-870F-15D635CE7D6C}.Release|x64.Build.0 = Release|Any CPU
		{987B4815-EED0-4C8C-870F-15D635CE7D6C}.Release|x86.ActiveCfg = Release|Any CPU
		{987B4815-EED0-4C8C-870F-15D635CE7D6C}.Release|x86.Build.0 = Release|Any CPU
		{BBF6B1B9-CB02-40B2-91AA-AD6C08333DDB}.Debug|Any CPU.ActiveCfg = Debug|Any CPU
		{BBF6B1B9-CB02-40B2-91AA-AD6C08333DDB}.Debug|Any CPU.Build.0 = Debug|Any CPU
		{BBF6B1B9-CB02-40B2-91AA-AD6C08333DDB}.Debug|ARM.ActiveCfg = Debug|Any CPU
		{BBF6B1B9-CB02-40B2-91AA-AD6C08333DDB}.Debug|ARM.Build.0 = Debug|Any CPU
		{BBF6B1B9-CB02-40B2-91AA-AD6C08333DDB}.Debug|x64.ActiveCfg = Debug|Any CPU
		{BBF6B1B9-CB02-40B2-91AA-AD6C08333DDB}.Debug|x64.Build.0 = Debug|Any CPU
		{BBF6B1B9-CB02-40B2-91AA-AD6C08333DDB}.Debug|x86.ActiveCfg = Debug|Any CPU
		{BBF6B1B9-CB02-40B2-91AA-AD6C08333DDB}.Debug|x86.Build.0 = Debug|Any CPU
		{BBF6B1B9-CB02-40B2-91AA-AD6C08333DDB}.Release|Any CPU.ActiveCfg = Release|Any CPU
		{BBF6B1B9-CB02-40B2-91AA-AD6C08333DDB}.Release|Any CPU.Build.0 = Release|Any CPU
		{BBF6B1B9-CB02-40B2-91AA-AD6C08333DDB}.Release|ARM.ActiveCfg = Release|Any CPU
		{BBF6B1B9-CB02-40B2-91AA-AD6C08333DDB}.Release|ARM.Build.0 = Release|Any CPU
		{BBF6B1B9-CB02-40B2-91AA-AD6C08333DDB}.Release|x64.ActiveCfg = Release|Any CPU
		{BBF6B1B9-CB02-40B2-91AA-AD6C08333DDB}.Release|x64.Build.0 = Release|Any CPU
		{BBF6B1B9-CB02-40B2-91AA-AD6C08333DDB}.Release|x86.ActiveCfg = Release|Any CPU
		{BBF6B1B9-CB02-40B2-91AA-AD6C08333DDB}.Release|x86.Build.0 = Release|Any CPU
		{69249831-F1A6-4DC7-8F81-1169F9825953}.Debug|Any CPU.ActiveCfg = Debug|Any CPU
		{69249831-F1A6-4DC7-8F81-1169F9825953}.Debug|Any CPU.Build.0 = Debug|Any CPU
		{69249831-F1A6-4DC7-8F81-1169F9825953}.Debug|ARM.ActiveCfg = Debug|Any CPU
		{69249831-F1A6-4DC7-8F81-1169F9825953}.Debug|ARM.Build.0 = Debug|Any CPU
		{69249831-F1A6-4DC7-8F81-1169F9825953}.Debug|x64.ActiveCfg = Debug|Any CPU
		{69249831-F1A6-4DC7-8F81-1169F9825953}.Debug|x64.Build.0 = Debug|Any CPU
		{69249831-F1A6-4DC7-8F81-1169F9825953}.Debug|x86.ActiveCfg = Debug|Any CPU
		{69249831-F1A6-4DC7-8F81-1169F9825953}.Debug|x86.Build.0 = Debug|Any CPU
		{69249831-F1A6-4DC7-8F81-1169F9825953}.Release|Any CPU.ActiveCfg = Release|Any CPU
		{69249831-F1A6-4DC7-8F81-1169F9825953}.Release|Any CPU.Build.0 = Release|Any CPU
		{69249831-F1A6-4DC7-8F81-1169F9825953}.Release|ARM.ActiveCfg = Release|Any CPU
		{69249831-F1A6-4DC7-8F81-1169F9825953}.Release|ARM.Build.0 = Release|Any CPU
		{69249831-F1A6-4DC7-8F81-1169F9825953}.Release|x64.ActiveCfg = Release|Any CPU
		{69249831-F1A6-4DC7-8F81-1169F9825953}.Release|x64.Build.0 = Release|Any CPU
		{69249831-F1A6-4DC7-8F81-1169F9825953}.Release|x86.ActiveCfg = Release|Any CPU
		{69249831-F1A6-4DC7-8F81-1169F9825953}.Release|x86.Build.0 = Release|Any CPU
		{45BCDF5C-5837-493F-B539-1FF0E1768534}.Debug|Any CPU.ActiveCfg = Debug|Any CPU
		{45BCDF5C-5837-493F-B539-1FF0E1768534}.Debug|Any CPU.Build.0 = Debug|Any CPU
		{45BCDF5C-5837-493F-B539-1FF0E1768534}.Debug|Any CPU.Deploy.0 = Debug|Any CPU
		{45BCDF5C-5837-493F-B539-1FF0E1768534}.Debug|ARM.ActiveCfg = Debug|ARM
		{45BCDF5C-5837-493F-B539-1FF0E1768534}.Debug|ARM.Build.0 = Debug|ARM
		{45BCDF5C-5837-493F-B539-1FF0E1768534}.Debug|ARM.Deploy.0 = Debug|ARM
		{45BCDF5C-5837-493F-B539-1FF0E1768534}.Debug|x64.ActiveCfg = Debug|x64
		{45BCDF5C-5837-493F-B539-1FF0E1768534}.Debug|x64.Build.0 = Debug|x64
		{45BCDF5C-5837-493F-B539-1FF0E1768534}.Debug|x64.Deploy.0 = Debug|x64
		{45BCDF5C-5837-493F-B539-1FF0E1768534}.Debug|x86.ActiveCfg = Debug|x86
		{45BCDF5C-5837-493F-B539-1FF0E1768534}.Debug|x86.Build.0 = Debug|x86
		{45BCDF5C-5837-493F-B539-1FF0E1768534}.Debug|x86.Deploy.0 = Debug|x86
		{45BCDF5C-5837-493F-B539-1FF0E1768534}.Release|Any CPU.ActiveCfg = Release|Any CPU
		{45BCDF5C-5837-493F-B539-1FF0E1768534}.Release|Any CPU.Build.0 = Release|Any CPU
		{45BCDF5C-5837-493F-B539-1FF0E1768534}.Release|Any CPU.Deploy.0 = Release|Any CPU
		{45BCDF5C-5837-493F-B539-1FF0E1768534}.Release|ARM.ActiveCfg = Release|ARM
		{45BCDF5C-5837-493F-B539-1FF0E1768534}.Release|ARM.Build.0 = Release|ARM
		{45BCDF5C-5837-493F-B539-1FF0E1768534}.Release|ARM.Deploy.0 = Release|ARM
		{45BCDF5C-5837-493F-B539-1FF0E1768534}.Release|x64.ActiveCfg = Release|x64
		{45BCDF5C-5837-493F-B539-1FF0E1768534}.Release|x64.Build.0 = Release|x64
		{45BCDF5C-5837-493F-B539-1FF0E1768534}.Release|x64.Deploy.0 = Release|x64
		{45BCDF5C-5837-493F-B539-1FF0E1768534}.Release|x86.ActiveCfg = Release|x86
		{45BCDF5C-5837-493F-B539-1FF0E1768534}.Release|x86.Build.0 = Release|x86
		{45BCDF5C-5837-493F-B539-1FF0E1768534}.Release|x86.Deploy.0 = Release|x86
		{31853F1C-14E2-4C35-9571-D9E2E741181C}.Debug|Any CPU.ActiveCfg = Debug|Any CPU
		{31853F1C-14E2-4C35-9571-D9E2E741181C}.Debug|Any CPU.Build.0 = Debug|Any CPU
		{31853F1C-14E2-4C35-9571-D9E2E741181C}.Debug|Any CPU.Deploy.0 = Debug|Any CPU
		{31853F1C-14E2-4C35-9571-D9E2E741181C}.Debug|ARM.ActiveCfg = Debug|ARM
		{31853F1C-14E2-4C35-9571-D9E2E741181C}.Debug|ARM.Build.0 = Debug|ARM
		{31853F1C-14E2-4C35-9571-D9E2E741181C}.Debug|ARM.Deploy.0 = Debug|ARM
		{31853F1C-14E2-4C35-9571-D9E2E741181C}.Debug|x64.ActiveCfg = Debug|Any CPU
		{31853F1C-14E2-4C35-9571-D9E2E741181C}.Debug|x64.Build.0 = Debug|Any CPU
		{31853F1C-14E2-4C35-9571-D9E2E741181C}.Debug|x64.Deploy.0 = Debug|Any CPU
		{31853F1C-14E2-4C35-9571-D9E2E741181C}.Debug|x86.ActiveCfg = Debug|x86
		{31853F1C-14E2-4C35-9571-D9E2E741181C}.Debug|x86.Build.0 = Debug|x86
		{31853F1C-14E2-4C35-9571-D9E2E741181C}.Debug|x86.Deploy.0 = Debug|x86
		{31853F1C-14E2-4C35-9571-D9E2E741181C}.Release|Any CPU.ActiveCfg = Release|Any CPU
		{31853F1C-14E2-4C35-9571-D9E2E741181C}.Release|Any CPU.Build.0 = Release|Any CPU
		{31853F1C-14E2-4C35-9571-D9E2E741181C}.Release|Any CPU.Deploy.0 = Release|Any CPU
		{31853F1C-14E2-4C35-9571-D9E2E741181C}.Release|ARM.ActiveCfg = Release|ARM
		{31853F1C-14E2-4C35-9571-D9E2E741181C}.Release|ARM.Build.0 = Release|ARM
		{31853F1C-14E2-4C35-9571-D9E2E741181C}.Release|ARM.Deploy.0 = Release|ARM
		{31853F1C-14E2-4C35-9571-D9E2E741181C}.Release|x64.ActiveCfg = Release|Any CPU
		{31853F1C-14E2-4C35-9571-D9E2E741181C}.Release|x64.Build.0 = Release|Any CPU
		{31853F1C-14E2-4C35-9571-D9E2E741181C}.Release|x64.Deploy.0 = Release|Any CPU
		{31853F1C-14E2-4C35-9571-D9E2E741181C}.Release|x86.ActiveCfg = Release|x86
		{31853F1C-14E2-4C35-9571-D9E2E741181C}.Release|x86.Build.0 = Release|x86
		{31853F1C-14E2-4C35-9571-D9E2E741181C}.Release|x86.Deploy.0 = Release|x86
	EndGlobalSection
	GlobalSection(SolutionProperties) = preSolution
		HideSolutionNode = FALSE
	EndGlobalSection
	GlobalSection(NestedProjects) = preSolution
		{69249831-F1A6-4DC7-8F81-1169F9825953} = {DA30A96B-276B-43AA-9EC3-DCBCF014CCE6}
		{28F7639D-9BBF-419D-B79C-C5D8FD4C70F2} = {DA30A96B-276B-43AA-9EC3-DCBCF014CCE6}
		{3600DFEB-F018-4BFC-A080-DD9C2FA1416B} = {28F7639D-9BBF-419D-B79C-C5D8FD4C70F2}
		{45BCDF5C-5837-493F-B539-1FF0E1768534} = {28F7639D-9BBF-419D-B79C-C5D8FD4C70F2}
		{31853F1C-14E2-4C35-9571-D9E2E741181C} = {28F7639D-9BBF-419D-B79C-C5D8FD4C70F2}
	EndGlobalSection
EndGlobal
